// !$*UTF8*$!
{
	archiveVersion = 1;
	classes = {
	};
	objectVersion = 50;
	objects = {

/* Begin PBXBuildFile section */
		2C075A7A220089D7007BCD29 /* MoyaNetwork.swift in Sources */ = {isa = PBXBuildFile; fileRef = 2C075A79220089D7007BCD29 /* MoyaNetwork.swift */; };
		2C075A7C22008CD4007BCD29 /* Person.swift in Sources */ = {isa = PBXBuildFile; fileRef = 2C075A7B22008CD4007BCD29 /* Person.swift */; };
		2C075A8322008DD3007BCD29 /* PersonTarget.swift in Sources */ = {isa = PBXBuildFile; fileRef = 2C075A8222008DD3007BCD29 /* PersonTarget.swift */; };
		2C075A8522008E19007BCD29 /* AlamofireNetwork.swift in Sources */ = {isa = PBXBuildFile; fileRef = 2C075A8422008E19007BCD29 /* AlamofireNetwork.swift */; };
		2C075A8722008F6C007BCD29 /* Default-568h@2x.png in Resources */ = {isa = PBXBuildFile; fileRef = 2C075A8622008F6C007BCD29 /* Default-568h@2x.png */; };
		2C075A8B2200C83A007BCD29 /* Car.swift in Sources */ = {isa = PBXBuildFile; fileRef = 2C075A8A2200C83A007BCD29 /* Car.swift */; };
		2C0CDDD82200896100BD2A47 /* AppDelegate.swift in Sources */ = {isa = PBXBuildFile; fileRef = 2C0CDDD72200896100BD2A47 /* AppDelegate.swift */; };
		2C0CDDDA2200896100BD2A47 /* ViewController.swift in Sources */ = {isa = PBXBuildFile; fileRef = 2C0CDDD92200896100BD2A47 /* ViewController.swift */; };
		2C0CDDDD2200896100BD2A47 /* Main.storyboard in Resources */ = {isa = PBXBuildFile; fileRef = 2C0CDDDB2200896100BD2A47 /* Main.storyboard */; };
		2C0CDDDF2200896500BD2A47 /* Assets.xcassets in Resources */ = {isa = PBXBuildFile; fileRef = 2C0CDDDE2200896500BD2A47 /* Assets.xcassets */; };
		2C0CDDE22200896500BD2A47 /* LaunchScreen.storyboard in Resources */ = {isa = PBXBuildFile; fileRef = 2C0CDDE02200896500BD2A47 /* LaunchScreen.storyboard */; };
		2CADB53E2201DEA1000E4F91 /* Gender.swift in Sources */ = {isa = PBXBuildFile; fileRef = 2CADB53D2201DEA1000E4F91 /* Gender.swift */; };
		F0CA89F8A9B4759784C54CCF /* Pods_CodableForum.framework in Frameworks */ = {isa = PBXBuildFile; fileRef = 3208097287294628436631E3 /* Pods_CodableForum.framework */; };
/* End PBXBuildFile section */

/* Begin PBXFileReference section */
		2C075A79220089D7007BCD29 /* MoyaNetwork.swift */ = {isa = PBXFileReference; lastKnownFileType = sourcecode.swift; path = MoyaNetwork.swift; sourceTree = "<group>"; };
		2C075A7B22008CD4007BCD29 /* Person.swift */ = {isa = PBXFileReference; lastKnownFileType = sourcecode.swift; path = Person.swift; sourceTree = "<group>"; };
		2C075A8222008DD3007BCD29 /* PersonTarget.swift */ = {isa = PBXFileReference; lastKnownFileType = sourcecode.swift; path = PersonTarget.swift; sourceTree = "<group>"; };
		2C075A8422008E19007BCD29 /* AlamofireNetwork.swift */ = {isa = PBXFileReference; lastKnownFileType = sourcecode.swift; path = AlamofireNetwork.swift; sourceTree = "<group>"; };
		2C075A8622008F6C007BCD29 /* Default-568h@2x.png */ = {isa = PBXFileReference; lastKnownFileType = image.png; path = "Default-568h@2x.png"; sourceTree = "<group>"; };
		2C075A8A2200C83A007BCD29 /* Car.swift */ = {isa = PBXFileReference; lastKnownFileType = sourcecode.swift; path = Car.swift; sourceTree = "<group>"; };
		2C0CDDD42200896100BD2A47 /* CodableForum.app */ = {isa = PBXFileReference; explicitFileType = wrapper.application; includeInIndex = 0; path = CodableForum.app; sourceTree = BUILT_PRODUCTS_DIR; };
		2C0CDDD72200896100BD2A47 /* AppDelegate.swift */ = {isa = PBXFileReference; lastKnownFileType = sourcecode.swift; path = AppDelegate.swift; sourceTree = "<group>"; };
		2C0CDDD92200896100BD2A47 /* ViewController.swift */ = {isa = PBXFileReference; lastKnownFileType = sourcecode.swift; path = ViewController.swift; sourceTree = "<group>"; };
		2C0CDDDC2200896100BD2A47 /* Base */ = {isa = PBXFileReference; lastKnownFileType = file.storyboard; name = Base; path = Base.lproj/Main.storyboard; sourceTree = "<group>"; };
		2C0CDDDE2200896500BD2A47 /* Assets.xcassets */ = {isa = PBXFileReference; lastKnownFileType = folder.assetcatalog; path = Assets.xcassets; sourceTree = "<group>"; };
		2C0CDDE12200896500BD2A47 /* Base */ = {isa = PBXFileReference; lastKnownFileType = file.storyboard; name = Base; path = Base.lproj/LaunchScreen.storyboard; sourceTree = "<group>"; };
		2C0CDDE32200896500BD2A47 /* Info.plist */ = {isa = PBXFileReference; lastKnownFileType = text.plist.xml; path = Info.plist; sourceTree = "<group>"; };
		2CADB53D2201DEA1000E4F91 /* Gender.swift */ = {isa = PBXFileReference; lastKnownFileType = sourcecode.swift; path = Gender.swift; sourceTree = "<group>"; };
		3208097287294628436631E3 /* Pods_CodableForum.framework */ = {isa = PBXFileReference; explicitFileType = wrapper.framework; includeInIndex = 0; path = Pods_CodableForum.framework; sourceTree = BUILT_PRODUCTS_DIR; };
		5A4C1F4A5A21E164841D284A /* Pods-CodableForum.release.xcconfig */ = {isa = PBXFileReference; includeInIndex = 1; lastKnownFileType = text.xcconfig; name = "Pods-CodableForum.release.xcconfig"; path = "Target Support Files/Pods-CodableForum/Pods-CodableForum.release.xcconfig"; sourceTree = "<group>"; };
		ABE710EDF8C9E56BFACA086A /* Pods-CodableForum.debug.xcconfig */ = {isa = PBXFileReference; includeInIndex = 1; lastKnownFileType = text.xcconfig; name = "Pods-CodableForum.debug.xcconfig"; path = "Target Support Files/Pods-CodableForum/Pods-CodableForum.debug.xcconfig"; sourceTree = "<group>"; };
/* End PBXFileReference section */

/* Begin PBXFrameworksBuildPhase section */
		2C0CDDD12200896100BD2A47 /* Frameworks */ = {
			isa = PBXFrameworksBuildPhase;
			buildActionMask = 2147483647;
			files = (
				F0CA89F8A9B4759784C54CCF /* Pods_CodableForum.framework in Frameworks */,
			);
			runOnlyForDeploymentPostprocessing = 0;
		};
/* End PBXFrameworksBuildPhase section */

/* Begin PBXGroup section */
		1FB576ED25374CFF0816F37D /* Pods */ = {
			isa = PBXGroup;
			children = (
				ABE710EDF8C9E56BFACA086A /* Pods-CodableForum.debug.xcconfig */,
				5A4C1F4A5A21E164841D284A /* Pods-CodableForum.release.xcconfig */,
			);
			path = Pods;
			sourceTree = "<group>";
		};
		2C075A7D22008CDB007BCD29 /* Model */ = {
			isa = PBXGroup;
			children = (
				2C075A7B22008CD4007BCD29 /* Person.swift */,
				2C075A8A2200C83A007BCD29 /* Car.swift */,
				2CADB53D2201DEA1000E4F91 /* Gender.swift */,
			);
			name = Model;
			sourceTree = "<group>";
		};
		2C075A7E22008CE4007BCD29 /* Service */ = {
			isa = PBXGroup;
			children = (
				2C075A8422008E19007BCD29 /* AlamofireNetwork.swift */,
				2C075A79220089D7007BCD29 /* MoyaNetwork.swift */,
				2C075A8222008DD3007BCD29 /* PersonTarget.swift */,
			);
			path = Service;
			sourceTree = "<group>";
		};
		2C075A7F22008CE9007BCD29 /* UI */ = {
			isa = PBXGroup;
			children = (
				2C0CDDDB2200896100BD2A47 /* Main.storyboard */,
				2C0CDDD92200896100BD2A47 /* ViewController.swift */,
			);
			name = UI;
			sourceTree = "<group>";
		};
		2C075A8022008CF3007BCD29 /* Base */ = {
			isa = PBXGroup;
			children = (
				2C075A8622008F6C007BCD29 /* Default-568h@2x.png */,
				2C0CDDE02200896500BD2A47 /* LaunchScreen.storyboard */,
				2C0CDDDE2200896500BD2A47 /* Assets.xcassets */,
				2C0CDDD72200896100BD2A47 /* AppDelegate.swift */,
				2C0CDDE32200896500BD2A47 /* Info.plist */,
			);
			path = Base;
			sourceTree = "<group>";
		};
		2C0CDDCB2200896100BD2A47 = {
			isa = PBXGroup;
			children = (
				2C0CDDD62200896100BD2A47 /* CodableForum */,
				2C0CDDD52200896100BD2A47 /* Products */,
				1FB576ED25374CFF0816F37D /* Pods */,
				FCAAD5825DA6488F1C283195 /* Frameworks */,
			);
			sourceTree = "<group>";
		};
		2C0CDDD52200896100BD2A47 /* Products */ = {
			isa = PBXGroup;
			children = (
				2C0CDDD42200896100BD2A47 /* CodableForum.app */,
			);
			name = Products;
			sourceTree = "<group>";
		};
		2C0CDDD62200896100BD2A47 /* CodableForum */ = {
			isa = PBXGroup;
			children = (
				2C075A8022008CF3007BCD29 /* Base */,
				2C075A7F22008CE9007BCD29 /* UI */,
				2C075A7E22008CE4007BCD29 /* Service */,
				2C075A7D22008CDB007BCD29 /* Model */,
			);
			path = CodableForum;
			sourceTree = "<group>";
		};
		FCAAD5825DA6488F1C283195 /* Frameworks */ = {
			isa = PBXGroup;
			children = (
				3208097287294628436631E3 /* Pods_CodableForum.framework */,
			);
			name = Frameworks;
			sourceTree = "<group>";
		};
/* End PBXGroup section */

/* Begin PBXNativeTarget section */
		2C0CDDD32200896100BD2A47 /* CodableForum */ = {
			isa = PBXNativeTarget;
			buildConfigurationList = 2C0CDDE62200896500BD2A47 /* Build configuration list for PBXNativeTarget "CodableForum" */;
			buildPhases = (
				A9C57758A7143A7C37BBF7BE /* [CP] Check Pods Manifest.lock */,
				2C0CDDD02200896100BD2A47 /* Sources */,
				2C0CDDD12200896100BD2A47 /* Frameworks */,
				2C0CDDD22200896100BD2A47 /* Resources */,
				010C7DF7028B6DB12EDCBC5A /* [CP] Embed Pods Frameworks */,
			);
			buildRules = (
			);
			dependencies = (
			);
			name = CodableForum;
			productName = CodableForum;
			productReference = 2C0CDDD42200896100BD2A47 /* CodableForum.app */;
			productType = "com.apple.product-type.application";
		};
/* End PBXNativeTarget section */

/* Begin PBXProject section */
		2C0CDDCC2200896100BD2A47 /* Project object */ = {
			isa = PBXProject;
			attributes = {
				LastSwiftUpdateCheck = 1010;
				LastUpgradeCheck = 1010;
				ORGANIZATIONNAME = LFAP;
				TargetAttributes = {
					2C0CDDD32200896100BD2A47 = {
						CreatedOnToolsVersion = 10.1;
					};
				};
			};
			buildConfigurationList = 2C0CDDCF2200896100BD2A47 /* Build configuration list for PBXProject "CodableForum" */;
			compatibilityVersion = "Xcode 9.3";
			developmentRegion = en;
			hasScannedForEncodings = 0;
			knownRegions = (
				en,
				Base,
			);
			mainGroup = 2C0CDDCB2200896100BD2A47;
			productRefGroup = 2C0CDDD52200896100BD2A47 /* Products */;
			projectDirPath = "";
			projectRoot = "";
			targets = (
				2C0CDDD32200896100BD2A47 /* CodableForum */,
			);
		};
/* End PBXProject section */

/* Begin PBXResourcesBuildPhase section */
		2C0CDDD22200896100BD2A47 /* Resources */ = {
			isa = PBXResourcesBuildPhase;
			buildActionMask = 2147483647;
			files = (
				2C0CDDE22200896500BD2A47 /* LaunchScreen.storyboard in Resources */,
				2C075A8722008F6C007BCD29 /* Default-568h@2x.png in Resources */,
				2C0CDDDF2200896500BD2A47 /* Assets.xcassets in Resources */,
				2C0CDDDD2200896100BD2A47 /* Main.storyboard in Resources */,
			);
			runOnlyForDeploymentPostprocessing = 0;
		};
/* End PBXResourcesBuildPhase section */

/* Begin PBXShellScriptBuildPhase section */
		010C7DF7028B6DB12EDCBC5A /* [CP] Embed Pods Frameworks */ = {
			isa = PBXShellScriptBuildPhase;
			buildActionMask = 2147483647;
			files = (
			);
			inputFileListPaths = (
			);
			inputPaths = (
				"${PODS_ROOT}/Target Support Files/Pods-CodableForum/Pods-CodableForum-frameworks.sh",
				"${BUILT_PRODUCTS_DIR}/Alamofire/Alamofire.framework",
				"${BUILT_PRODUCTS_DIR}/Moya/Moya.framework",
				"${BUILT_PRODUCTS_DIR}/Result/Result.framework",
			);
			name = "[CP] Embed Pods Frameworks";
			outputFileListPaths = (
			);
			outputPaths = (
				"${TARGET_BUILD_DIR}/${FRAMEWORKS_FOLDER_PATH}/Alamofire.framework",
				"${TARGET_BUILD_DIR}/${FRAMEWORKS_FOLDER_PATH}/Moya.framework",
				"${TARGET_BUILD_DIR}/${FRAMEWORKS_FOLDER_PATH}/Result.framework",
			);
			runOnlyForDeploymentPostprocessing = 0;
			shellPath = /bin/sh;
			shellScript = "\"${PODS_ROOT}/Target Support Files/Pods-CodableForum/Pods-CodableForum-frameworks.sh\"\n";
			showEnvVarsInLog = 0;
		};
		A9C57758A7143A7C37BBF7BE /* [CP] Check Pods Manifest.lock */ = {
			isa = PBXShellScriptBuildPhase;
			buildActionMask = 2147483647;
			files = (
			);
			inputFileListPaths = (
			);
			inputPaths = (
				"${PODS_PODFILE_DIR_PATH}/Podfile.lock",
				"${PODS_ROOT}/Manifest.lock",
			);
			name = "[CP] Check Pods Manifest.lock";
			outputFileListPaths = (
			);
			outputPaths = (
				"$(DERIVED_FILE_DIR)/Pods-CodableForum-checkManifestLockResult.txt",
			);
			runOnlyForDeploymentPostprocessing = 0;
			shellPath = /bin/sh;
			shellScript = "diff \"${PODS_PODFILE_DIR_PATH}/Podfile.lock\" \"${PODS_ROOT}/Manifest.lock\" > /dev/null\nif [ $? != 0 ] ; then\n    # print error to STDERR\n    echo \"error: The sandbox is not in sync with the Podfile.lock. Run 'pod install' or update your CocoaPods installation.\" >&2\n    exit 1\nfi\n# This output is used by Xcode 'outputs' to avoid re-running this script phase.\necho \"SUCCESS\" > \"${SCRIPT_OUTPUT_FILE_0}\"\n";
			showEnvVarsInLog = 0;
		};
/* End PBXShellScriptBuildPhase section */

/* Begin PBXSourcesBuildPhase section */
		2C0CDDD02200896100BD2A47 /* Sources */ = {
			isa = PBXSourcesBuildPhase;
			buildActionMask = 2147483647;
			files = (
				2C075A8322008DD3007BCD29 /* PersonTarget.swift in Sources */,
				2C075A8522008E19007BCD29 /* AlamofireNetwork.swift in Sources */,
				2C0CDDDA2200896100BD2A47 /* ViewController.swift in Sources */,
				2C0CDDD82200896100BD2A47 /* AppDelegate.swift in Sources */,
				2CADB53E2201DEA1000E4F91 /* Gender.swift in Sources */,
				2C075A7C22008CD4007BCD29 /* Person.swift in Sources */,
				2C075A8B2200C83A007BCD29 /* Car.swift in Sources */,
				2C075A7A220089D7007BCD29 /* MoyaNetwork.swift in Sources */,
			);
			runOnlyForDeploymentPostprocessing = 0;
		};
/* End PBXSourcesBuildPhase section */

/* Begin PBXVariantGroup section */
		2C0CDDDB2200896100BD2A47 /* Main.storyboard */ = {
			isa = PBXVariantGroup;
			children = (
				2C0CDDDC2200896100BD2A47 /* Base */,
			);
			name = Main.storyboard;
			sourceTree = "<group>";
		};
		2C0CDDE02200896500BD2A47 /* LaunchScreen.storyboard */ = {
			isa = PBXVariantGroup;
			children = (
				2C0CDDE12200896500BD2A47 /* Base */,
			);
			name = LaunchScreen.storyboard;
			sourceTree = "<group>";
		};
/* End PBXVariantGroup section */

/* Begin XCBuildConfiguration section */
		2C0CDDE42200896500BD2A47 /* Debug */ = {
			isa = XCBuildConfiguration;
			buildSettings = {
				ALWAYS_SEARCH_USER_PATHS = NO;
				CLANG_ANALYZER_NONNULL = YES;
				CLANG_ANALYZER_NUMBER_OBJECT_CONVERSION = YES_AGGRESSIVE;
				CLANG_CXX_LANGUAGE_STANDARD = "gnu++14";
				CLANG_CXX_LIBRARY = "libc++";
				CLANG_ENABLE_MODULES = YES;
				CLANG_ENABLE_OBJC_ARC = YES;
				CLANG_ENABLE_OBJC_WEAK = YES;
				CLANG_WARN_BLOCK_CAPTURE_AUTORELEASING = YES;
				CLANG_WARN_BOOL_CONVERSION = YES;
				CLANG_WARN_COMMA = YES;
				CLANG_WARN_CONSTANT_CONVERSION = YES;
				CLANG_WARN_DEPRECATED_OBJC_IMPLEMENTATIONS = YES;
				CLANG_WARN_DIRECT_OBJC_ISA_USAGE = YES_ERROR;
				CLANG_WARN_DOCUMENTATION_COMMENTS = YES;
				CLANG_WARN_EMPTY_BODY = YES;
				CLANG_WARN_ENUM_CONVERSION = YES;
				CLANG_WARN_INFINITE_RECURSION = YES;
				CLANG_WARN_INT_CONVERSION = YES;
				CLANG_WARN_NON_LITERAL_NULL_CONVERSION = YES;
				CLANG_WARN_OBJC_IMPLICIT_RETAIN_SELF = YES;
				CLANG_WARN_OBJC_LITERAL_CONVERSION = YES;
				CLANG_WARN_OBJC_ROOT_CLASS = YES_ERROR;
				CLANG_WARN_RANGE_LOOP_ANALYSIS = YES;
				CLANG_WARN_STRICT_PROTOTYPES = YES;
				CLANG_WARN_SUSPICIOUS_MOVE = YES;
				CLANG_WARN_UNGUARDED_AVAILABILITY = YES_AGGRESSIVE;
				CLANG_WARN_UNREACHABLE_CODE = YES;
				CLANG_WARN__DUPLICATE_METHOD_MATCH = YES;
				CODE_SIGN_IDENTITY = "iPhone Developer";
				COPY_PHASE_STRIP = NO;
				DEBUG_INFORMATION_FORMAT = dwarf;
				ENABLE_STRICT_OBJC_MSGSEND = YES;
				ENABLE_TESTABILITY = YES;
				GCC_C_LANGUAGE_STANDARD = gnu11;
				GCC_DYNAMIC_NO_PIC = NO;
				GCC_NO_COMMON_BLOCKS = YES;
				GCC_OPTIMIZATION_LEVEL = 0;
				GCC_PREPROCESSOR_DEFINITIONS = (
					"DEBUG=1",
					"$(inherited)",
				);
				GCC_WARN_64_TO_32_BIT_CONVERSION = YES;
				GCC_WARN_ABOUT_RETURN_TYPE = YES_ERROR;
				GCC_WARN_UNDECLARED_SELECTOR = YES;
				GCC_WARN_UNINITIALIZED_AUTOS = YES_AGGRESSIVE;
				GCC_WARN_UNUSED_FUNCTION = YES;
				GCC_WARN_UNUSED_VARIABLE = YES;
				IPHONEOS_DEPLOYMENT_TARGET = 12.1;
				MTL_ENABLE_DEBUG_INFO = INCLUDE_SOURCE;
				MTL_FAST_MATH = YES;
				ONLY_ACTIVE_ARCH = YES;
				SDKROOT = iphoneos;
				SWIFT_ACTIVE_COMPILATION_CONDITIONS = DEBUG;
				SWIFT_OPTIMIZATION_LEVEL = "-Onone";
			};
			name = Debug;
		};
		2C0CDDE52200896500BD2A47 /* Release */ = {
			isa = XCBuildConfiguration;
			buildSettings = {
				ALWAYS_SEARCH_USER_PATHS = NO;
				CLANG_ANALYZER_NONNULL = YES;
				CLANG_ANALYZER_NUMBER_OBJECT_CONVERSION = YES_AGGRESSIVE;
				CLANG_CXX_LANGUAGE_STANDARD = "gnu++14";
				CLANG_CXX_LIBRARY = "libc++";
				CLANG_ENABLE_MODULES = YES;
				CLANG_ENABLE_OBJC_ARC = YES;
				CLANG_ENABLE_OBJC_WEAK = YES;
				CLANG_WARN_BLOCK_CAPTURE_AUTORELEASING = YES;
				CLANG_WARN_BOOL_CONVERSION = YES;
				CLANG_WARN_COMMA = YES;
				CLANG_WARN_CONSTANT_CONVERSION = YES;
				CLANG_WARN_DEPRECATED_OBJC_IMPLEMENTATIONS = YES;
				CLANG_WARN_DIRECT_OBJC_ISA_USAGE = YES_ERROR;
				CLANG_WARN_DOCUMENTATION_COMMENTS = YES;
				CLANG_WARN_EMPTY_BODY = YES;
				CLANG_WARN_ENUM_CONVERSION = YES;
				CLANG_WARN_INFINITE_RECURSION = YES;
				CLANG_WARN_INT_CONVERSION = YES;
				CLANG_WARN_NON_LITERAL_NULL_CONVERSION = YES;
				CLANG_WARN_OBJC_IMPLICIT_RETAIN_SELF = YES;
				CLANG_WARN_OBJC_LITERAL_CONVERSION = YES;
				CLANG_WARN_OBJC_ROOT_CLASS = YES_ERROR;
				CLANG_WARN_RANGE_LOOP_ANALYSIS = YES;
				CLANG_WARN_STRICT_PROTOTYPES = YES;
				CLANG_WARN_SUSPICIOUS_MOVE = YES;
				CLANG_WARN_UNGUARDED_AVAILABILITY = YES_AGGRESSIVE;
				CLANG_WARN_UNREACHABLE_CODE = YES;
				CLANG_WARN__DUPLICATE_METHOD_MATCH = YES;
				CODE_SIGN_IDENTITY = "iPhone Developer";
				COPY_PHASE_STRIP = NO;
				DEBUG_INFORMATION_FORMAT = "dwarf-with-dsym";
				ENABLE_NS_ASSERTIONS = NO;
				ENABLE_STRICT_OBJC_MSGSEND = YES;
				GCC_C_LANGUAGE_STANDARD = gnu11;
				GCC_NO_COMMON_BLOCKS = YES;
				GCC_WARN_64_TO_32_BIT_CONVERSION = YES;
				GCC_WARN_ABOUT_RETURN_TYPE = YES_ERROR;
				GCC_WARN_UNDECLARED_SELECTOR = YES;
				GCC_WARN_UNINITIALIZED_AUTOS = YES_AGGRESSIVE;
				GCC_WARN_UNUSED_FUNCTION = YES;
				GCC_WARN_UNUSED_VARIABLE = YES;
				IPHONEOS_DEPLOYMENT_TARGET = 12.1;
				MTL_ENABLE_DEBUG_INFO = NO;
				MTL_FAST_MATH = YES;
				SDKROOT = iphoneos;
				SWIFT_COMPILATION_MODE = wholemodule;
				SWIFT_OPTIMIZATION_LEVEL = "-O";
				VALIDATE_PRODUCT = YES;
			};
			name = Release;
		};
		2C0CDDE72200896500BD2A47 /* Debug */ = {
			isa = XCBuildConfiguration;
			baseConfigurationReference = ABE710EDF8C9E56BFACA086A /* Pods-CodableForum.debug.xcconfig */;
			buildSettings = {
				ASSETCATALOG_COMPILER_APPICON_NAME = AppIcon;
				CODE_SIGN_STYLE = Automatic;
				DEVELOPMENT_TEAM = CZ23F6F8X3;
				INFOPLIST_FILE = "$(SRCROOT)/CodableForum/Base/Info.plist";
				LD_RUNPATH_SEARCH_PATHS = (
					"$(inherited)",
					"@executable_path/Frameworks",
				);
				PRODUCT_BUNDLE_IDENTIFIER = com.lfap.CodableForum;
				PRODUCT_NAME = "$(TARGET_NAME)";
				SWIFT_VERSION = 4.2;
				TARGETED_DEVICE_FAMILY = "1,2";
			};
			name = Debug;
		};
		2C0CDDE82200896500BD2A47 /* Release */ = {
			isa = XCBuildConfiguration;
			baseConfigurationReference = 5A4C1F4A5A21E164841D284A /* Pods-CodableForum.release.xcconfig */;
			buildSettings = {
				ASSETCATALOG_COMPILER_APPICON_NAME = AppIcon;
				CODE_SIGN_STYLE = Automatic;
				DEVELOPMENT_TEAM = CZ23F6F8X3;
				INFOPLIST_FILE = "$(SRCROOT)/CodableForum/Base/Info.plist";
				LD_RUNPATH_SEARCH_PATHS = (
					"$(inherited)",
					"@executable_path/Frameworks",
				);
				PRODUCT_BUNDLE_IDENTIFIER = com.lfap.CodableForum;
				PRODUCT_NAME = "$(TARGET_NAME)";
				SWIFT_VERSION = 4.2;
				TARGETED_DEVICE_FAMILY = "1,2";
			};
			name = Release;
		};
/* End XCBuildConfiguration section */

/* Begin XCConfigurationList section */
		2C0CDDCF2200896100BD2A47 /* Build configuration list for PBXProject "CodableForum" */ = {
			isa = XCConfigurationList;
			buildConfigurations = (
				2C0CDDE42200896500BD2A47 /* Debug */,
				2C0CDDE52200896500BD2A47 /* Release */,
			);
			defaultConfigurationIsVisible = 0;
			defaultConfigurationName = Release;
		};
		2C0CDDE62200896500BD2A47 /* Build configuration list for PBXNativeTarget "CodableForum" */ = {
			isa = XCConfigurationList;
			buildConfigurations = (
				2C0CDDE72200896500BD2A47 /* Debug */,
				2C0CDDE82200896500BD2A47 /* Release */,
			);
			defaultConfigurationIsVisible = 0;
			defaultConfigurationName = Release;
		};
/* End XCConfigurationList section */
	};
	rootObject = 2C0CDDCC2200896100BD2A47 /* Project object */;
}
